
Microsoft Visual Studio Solution File, Format Version 12.00
# Visual Studio Version 17
VisualStudioVersion = 17.14.36109.1
MinimumVisualStudioVersion = 10.0.40219.1
Project("{FAE04EC0-301F-11D3-BF4B-00C04F79EFBC}") = "LivingMessiah", "LivingMessiah\LivingMessiah.csproj", "{3B4D0A30-302E-72C2-57A8-AC92582216E9}"
EndProject
Project("{FAE04EC0-301F-11D3-BF4B-00C04F79EFBC}") = "LivingMessiah.AppHost", "LivingMessiah.AppHost\LivingMessiah.AppHost.csproj", "{9529211F-4DBD-4594-B883-60918B1A51F1}"
EndProject
Project("{FAE04EC0-301F-11D3-BF4B-00C04F79EFBC}") = "LivingMessiah.ServiceDefaults", "LivingMessiah.ServiceDefaults\LivingMessiah.ServiceDefaults.csproj", "{AC247E11-8CD7-C3B0-C7A9-07CA45A22651}"
EndProject
Project("{FAE04EC0-301F-11D3-BF4B-00C04F79EFBC}") = "LivingMessiahAdmin", "LivingMessiahAdmin\LivingMessiahAdmin.csproj", "{ECCCE89B-548D-4594-0EB6-9114309F73CC}"
EndProject
Project("{FAE04EC0-301F-11D3-BF4B-00C04F79EFBC}") = "LivingMessiahSukkot", "LivingMessiahSukkot\LivingMessiahSukkot.csproj", "{0A81F1BD-A568-4A82-85FE-6EF6B9D81423}"
EndProject
Project("{00D1A9C2-B5F0-4AF3-8072-F6C62B433612}") = "SukkotDB", "SukkotDB\SukkotDB.sqlproj", "{7C671ACB-0B22-4C53-85D7-7EF485653790}"
EndProject
Global
	GlobalSection(SolutionConfigurationPlatforms) = preSolution
		Debug|Any CPU = Debug|Any CPU
		Debug|x64 = Debug|x64
		Debug|x86 = Debug|x86
		Release|Any CPU = Release|Any CPU
		Release|x64 = Release|x64
		Release|x86 = Release|x86
	EndGlobalSection
	GlobalSection(ProjectConfigurationPlatforms) = postSolution
		{3B4D0A30-302E-72C2-57A8-AC92582216E9}.Debug|Any CPU.ActiveCfg = Debug|Any CPU
		{3B4D0A30-302E-72C2-57A8-AC92582216E9}.Debug|Any CPU.Build.0 = Debug|Any CPU
		{3B4D0A30-302E-72C2-57A8-AC92582216E9}.Debug|x64.ActiveCfg = Debug|Any CPU
		{3B4D0A30-302E-72C2-57A8-AC92582216E9}.Debug|x64.Build.0 = Debug|Any CPU
		{3B4D0A30-302E-72C2-57A8-AC92582216E9}.Debug|x86.ActiveCfg = Debug|Any CPU
		{3B4D0A30-302E-72C2-57A8-AC92582216E9}.Debug|x86.Build.0 = Debug|Any CPU
		{3B4D0A30-302E-72C2-57A8-AC92582216E9}.Release|Any CPU.ActiveCfg = Release|Any CPU
		{3B4D0A30-302E-72C2-57A8-AC92582216E9}.Release|Any CPU.Build.0 = Release|Any CPU
		{3B4D0A30-302E-72C2-57A8-AC92582216E9}.Release|x64.ActiveCfg = Release|Any CPU
		{3B4D0A30-302E-72C2-57A8-AC92582216E9}.Release|x64.Build.0 = Release|Any CPU
		{3B4D0A30-302E-72C2-57A8-AC92582216E9}.Release|x86.ActiveCfg = Release|Any CPU
		{3B4D0A30-302E-72C2-57A8-AC92582216E9}.Release|x86.Build.0 = Release|Any CPU
		{9529211F-4DBD-4594-B883-60918B1A51F1}.Debug|Any CPU.ActiveCfg = Debug|Any CPU
		{9529211F-4DBD-4594-B883-60918B1A51F1}.Debug|Any CPU.Build.0 = Debug|Any CPU
		{9529211F-4DBD-4594-B883-60918B1A51F1}.Debug|x64.ActiveCfg = Debug|Any CPU
		{9529211F-4DBD-4594-B883-60918B1A51F1}.Debug|x64.Build.0 = Debug|Any CPU
		{9529211F-4DBD-4594-B883-60918B1A51F1}.Debug|x86.ActiveCfg = Debug|Any CPU
		{9529211F-4DBD-4594-B883-60918B1A51F1}.Debug|x86.Build.0 = Debug|Any CPU
		{9529211F-4DBD-4594-B883-60918B1A51F1}.Release|Any CPU.ActiveCfg = Release|Any CPU
		{9529211F-4DBD-4594-B883-60918B1A51F1}.Release|Any CPU.Build.0 = Release|Any CPU
		{9529211F-4DBD-4594-B883-60918B1A51F1}.Release|x64.ActiveCfg = Release|Any CPU
		{9529211F-4DBD-4594-B883-60918B1A51F1}.Release|x64.Build.0 = Release|Any CPU
		{9529211F-4DBD-4594-B883-60918B1A51F1}.Release|x86.ActiveCfg = Release|Any CPU
		{9529211F-4DBD-4594-B883-60918B1A51F1}.Release|x86.Build.0 = Release|Any CPU
		{AC247E11-8CD7-C3B0-C7A9-07CA45A22651}.Debug|Any CPU.ActiveCfg = Debug|Any CPU
		{AC247E11-8CD7-C3B0-C7A9-07CA45A22651}.Debug|Any CPU.Build.0 = Debug|Any CPU
		{AC247E11-8CD7-C3B0-C7A9-07CA45A22651}.Debug|x64.ActiveCfg = Debug|Any CPU
		{AC247E11-8CD7-C3B0-C7A9-07CA45A22651}.Debug|x64.Build.0 = Debug|Any CPU
		{AC247E11-8CD7-C3B0-C7A9-07CA45A22651}.Debug|x86.ActiveCfg = Debug|Any CPU
		{AC247E11-8CD7-C3B0-C7A9-07CA45A22651}.Debug|x86.Build.0 = Debug|Any CPU
		{AC247E11-8CD7-C3B0-C7A9-07CA45A22651}.Release|Any CPU.ActiveCfg = Release|Any CPU
		{AC247E11-8CD7-C3B0-C7A9-07CA45A22651}.Release|Any CPU.Build.0 = Release|Any CPU
		{AC247E11-8CD7-C3B0-C7A9-07CA45A22651}.Release|x64.ActiveCfg = Release|Any CPU
		{AC247E11-8CD7-C3B0-C7A9-07CA45A22651}.Release|x64.Build.0 = Release|Any CPU
		{AC247E11-8CD7-C3B0-C7A9-07CA45A22651}.Release|x86.ActiveCfg = Release|Any CPU
		{AC247E11-8CD7-C3B0-C7A9-07CA45A22651}.Release|x86.Build.0 = Release|Any CPU
		{ECCCE89B-548D-4594-0EB6-9114309F73CC}.Debug|Any CPU.ActiveCfg = Debug|Any CPU
		{ECCCE89B-548D-4594-0EB6-9114309F73CC}.Debug|Any CPU.Build.0 = Debug|Any CPU
		{ECCCE89B-548D-4594-0EB6-9114309F73CC}.Debug|x64.ActiveCfg = Debug|Any CPU
		{ECCCE89B-548D-4594-0EB6-9114309F73CC}.Debug|x64.Build.0 = Debug|Any CPU
		{ECCCE89B-548D-4594-0EB6-9114309F73CC}.Debug|x86.ActiveCfg = Debug|Any CPU
		{ECCCE89B-548D-4594-0EB6-9114309F73CC}.Debug|x86.Build.0 = Debug|Any CPU
		{ECCCE89B-548D-4594-0EB6-9114309F73CC}.Release|Any CPU.ActiveCfg = Release|Any CPU
		{ECCCE89B-548D-4594-0EB6-9114309F73CC}.Release|Any CPU.Build.0 = Release|Any CPU
		{ECCCE89B-548D-4594-0EB6-9114309F73CC}.Release|x64.ActiveCfg = Release|Any CPU
		{ECCCE89B-548D-4594-0EB6-9114309F73CC}.Release|x64.Build.0 = Release|Any CPU
		{ECCCE89B-548D-4594-0EB6-9114309F73CC}.Release|x86.ActiveCfg = Release|Any CPU
		{ECCCE89B-548D-4594-0EB6-9114309F73CC}.Release|x86.Build.0 = Release|Any CPU
		{0A81F1BD-A568-4A82-85FE-6EF6B9D81423}.Debug|Any CPU.ActiveCfg = Debug|Any CPU
		{0A81F1BD-A568-4A82-85FE-6EF6B9D81423}.Debug|Any CPU.Build.0 = Debug|Any CPU
		{0A81F1BD-A568-4A82-85FE-6EF6B9D81423}.Debug|x64.ActiveCfg = Debug|Any CPU
		{0A81F1BD-A568-4A82-85FE-6EF6B9D81423}.Debug|x64.Build.0 = Debug|Any CPU
		{0A81F1BD-A568-4A82-85FE-6EF6B9D81423}.Debug|x86.ActiveCfg = Debug|Any CPU
		{0A81F1BD-A568-4A82-85FE-6EF6B9D81423}.Debug|x86.Build.0 = Debug|Any CPU
		{0A81F1BD-A568-4A82-85FE-6EF6B9D81423}.Release|Any CPU.ActiveCfg = Release|Any CPU
		{0A81F1BD-A568-4A82-85FE-6EF6B9D81423}.Release|Any CPU.Build.0 = Release|Any CPU
		{0A81F1BD-A568-4A82-85FE-6EF6B9D81423}.Release|x64.ActiveCfg = Release|Any CPU
		{0A81F1BD-A568-4A82-85FE-6EF6B9D81423}.Release|x64.Build.0 = Release|Any CPU
		{0A81F1BD-A568-4A82-85FE-6EF6B9D81423}.Release|x86.ActiveCfg = Release|Any CPU
		{0A81F1BD-A568-4A82-85FE-6EF6B9D81423}.Release|x86.Build.0 = Release|Any CPU
		{7C671ACB-0B22-4C53-85D7-7EF485653790}.Debug|Any CPU.ActiveCfg = Debug|Any CPU
		{7C671ACB-0B22-4C53-85D7-7EF485653790}.Debug|Any CPU.Build.0 = Debug|Any CPU
		{7C671ACB-0B22-4C53-85D7-7EF485653790}.Debug|Any CPU.Deploy.0 = Debug|Any CPU
		{7C671ACB-0B22-4C53-85D7-7EF485653790}.Debug|x64.ActiveCfg = Debug|Any CPU
		{7C671ACB-0B22-4C53-85D7-7EF485653790}.Debug|x64.Build.0 = Debug|Any CPU
		{7C671ACB-0B22-4C53-85D7-7EF485653790}.Debug|x64.Deploy.0 = Debug|Any CPU
		{7C671ACB-0B22-4C53-85D7-7EF485653790}.Debug|x86.ActiveCfg = Debug|Any CPU
		{7C671ACB-0B22-4C53-85D7-7EF485653790}.Debug|x86.Build.0 = Debug|Any CPU
		{7C671ACB-0B22-4C53-85D7-7EF485653790}.Debug|x86.Deploy.0 = Debug|Any CPU
		{7C671ACB-0B22-4C53-85D7-7EF485653790}.Release|Any CPU.ActiveCfg = Release|Any CPU
		{7C671ACB-0B22-4C53-85D7-7EF485653790}.Release|Any CPU.Build.0 = Release|Any CPU
		{7C671ACB-0B22-4C53-85D7-7EF485653790}.Release|Any CPU.Deploy.0 = Release|Any CPU
		{7C671ACB-0B22-4C53-85D7-7EF485653790}.Release|x64.ActiveCfg = Release|Any CPU
		{7C671ACB-0B22-4C53-85D7-7EF485653790}.Release|x64.Build.0 = Release|Any CPU
		{7C671ACB-0B22-4C53-85D7-7EF485653790}.Release|x64.Deploy.0 = Release|Any CPU
		{7C671ACB-0B22-4C53-85D7-7EF485653790}.Release|x86.ActiveCfg = Release|Any CPU
		{7C671ACB-0B22-4C53-85D7-7EF485653790}.Release|x86.Build.0 = Release|Any CPU
		{7C671ACB-0B22-4C53-85D7-7EF485653790}.Release|x86.Deploy.0 = Release|Any CPU
	EndGlobalSection
	GlobalSection(SolutionProperties) = preSolution
		HideSolutionNode = FALSE
	EndGlobalSection
	GlobalSection(ExtensibilityGlobals) = postSolution
		SolutionGuid = {F7906031-9EBC-4421-809C-BC543F235128}
	EndGlobalSection
EndGlobal
