
Microsoft Visual Studio Solution File, Format Version 12.00
# Visual Studio Version 17
VisualStudioVersion = 17.14.36109.1
MinimumVisualStudioVersion = 10.0.40219.1
Project("{FAE04EC0-301F-11D3-BF4B-00C04F79EFBC}") = "LivingMessiah", "LivingMessiah\LivingMessiah.csproj", "{3B4D0A30-302E-72C2-57A8-AC92582216E9}"
EndProject
Project("{FAE04EC0-301F-11D3-BF4B-00C04F79EFBC}") = "LivingMessiah.AppHost", "LivingMessiah.AppHost\LivingMessiah.AppHost.csproj", "{9529211F-4DBD-4594-B883-60918B1A51F1}"
EndProject
Project("{FAE04EC0-301F-11D3-BF4B-00C04F79EFBC}") = "LivingMessiah.ServiceDefaults", "LivingMessiah.ServiceDefaults\LivingMessiah.ServiceDefaults.csproj", "{AC247E11-8CD7-C3B0-C7A9-07CA45A22651}"
EndProject
Global
	GlobalSection(SolutionConfigurationPlatforms) = preSolution
		Debug|Any CPU = Debug|Any CPU
		Release|Any CPU = Release|Any CPU
	EndGlobalSection
	GlobalSection(ProjectConfigurationPlatforms) = postSolution
		{3B4D0A30-302E-72C2-57A8-AC92582216E9}.Debug|Any CPU.ActiveCfg = Debug|Any CPU
		{3B4D0A30-302E-72C2-57A8-AC92582216E9}.Debug|Any CPU.Build.0 = Debug|Any CPU
		{3B4D0A30-302E-72C2-57A8-AC92582216E9}.Release|Any CPU.ActiveCfg = Release|Any CPU
		{3B4D0A30-302E-72C2-57A8-AC92582216E9}.Release|Any CPU.Build.0 = Release|Any CPU
		{9529211F-4DBD-4594-B883-60918B1A51F1}.Debug|Any CPU.ActiveCfg = Debug|Any CPU
		{9529211F-4DBD-4594-B883-60918B1A51F1}.Debug|Any CPU.Build.0 = Debug|Any CPU
		{9529211F-4DBD-4594-B883-60918B1A51F1}.Release|Any CPU.ActiveCfg = Release|Any CPU
		{9529211F-4DBD-4594-B883-60918B1A51F1}.Release|Any CPU.Build.0 = Release|Any CPU
		{AC247E11-8CD7-C3B0-C7A9-07CA45A22651}.Debug|Any CPU.ActiveCfg = Debug|Any CPU
		{AC247E11-8CD7-C3B0-C7A9-07CA45A22651}.Debug|Any CPU.Build.0 = Debug|Any CPU
		{AC247E11-8CD7-C3B0-C7A9-07CA45A22651}.Release|Any CPU.ActiveCfg = Release|Any CPU
		{AC247E11-8CD7-C3B0-C7A9-07CA45A22651}.Release|Any CPU.Build.0 = Release|Any CPU
	EndGlobalSection
	GlobalSection(SolutionProperties) = preSolution
		HideSolutionNode = FALSE
	EndGlobalSection
	GlobalSection(ExtensibilityGlobals) = postSolution
		SolutionGuid = {F7906031-9EBC-4421-809C-BC543F235128}
	EndGlobalSection
EndGlobal
