Microsoft Visual Studio Solution File, Format Version 12.00
# Visual Studio Version 18
VisualStudioVersion = 18.0.11205.157
MinimumVisualStudioVersion = 10.0.40219.1
Project("{FAE04EC0-301F-11D3-BF4B-00C04F79EFBC}") = "LivingMessiah.AppHost", "LivingMessiah.AppHost\LivingMessiah.AppHost.csproj", "{9529211F-4DBD-4594-B883-60918B1A51F1}"
EndProject
Project("{FAE04EC0-301F-11D3-BF4B-00C04F79EFBC}") = "LivingMessiah.ServiceDefaults", "LivingMessiah.ServiceDefaults\LivingMessiah.ServiceDefaults.csproj", "{AC247E11-8CD7-C3B0-C7A9-07CA45A22651}"
EndProject
Project("{FAE04EC0-301F-11D3-BF4B-00C04F79EFBC}") = "Admin", "Admin\Admin.csproj", "{ECCCE89B-548D-4594-0EB6-9114309F73CC}"
EndProject
Project("{FAE04EC0-301F-11D3-BF4B-00C04F79EFBC}") = "Sukkot", "Sukkot\Sukkot.csproj", "{0A81F1BD-A568-4A82-85FE-6EF6B9D81423}"
EndProject
Project("{FAE04EC0-301F-11D3-BF4B-00C04F79EFBC}") = "RCL", "RCL\RCL.csproj", "{153631B0-F89D-9417-17A7-D6877D62E6EF}"
EndProject
Project("{FAE04EC0-301F-11D3-BF4B-00C04F79EFBC}") = "PWA", "PWA\PWA.csproj", "{E0122D8E-9001-4D29-B064-81A224814CFC}"
EndProject
Project("{FAE04EC0-301F-11D3-BF4B-00C04F79EFBC}") = "Api", "Api\Api.csproj", "{425C4628-553F-4A87-BE1B-93B519FDCBAE}"
EndProject
Project("{2150E333-8FDC-42A3-9474-1A3956D46DE8}") = "Database", "Database", "{E0096E63-5207-411F-2649-837654E3C58A}"
EndProject
Project("{00D1A9C2-B5F0-4AF3-8072-F6C62B433612}") = "SpecialEvent", "Database\SpecialEvent\SpecialEvent.sqlproj", "{A64C3F8D-A67B-464D-9975-D201EECC5385}"
EndProject
Project("{00D1A9C2-B5F0-4AF3-8072-F6C62B433612}") = "SukkotRegistration", "Database\SukkotRegistration\SukkotRegistration.sqlproj", "{B7E2C1A4-8F3D-4E9A-9C2B-1D6F0A5E8B47}"
EndProject
Project("{2150E333-8FDC-42A3-9474-1A3956D46DE8}") = "ShabbatPdf", "ShabbatPdf", "{6243AE03-FBC2-4D61-A2EC-D6584B26F999}"
EndProject
Project("{FAE04EC0-301F-11D3-BF4B-00C04F79EFBC}") = "ShabbatPdf.Core", "ShabbatPdf\src\Core\ShabbatPdf.Core.csproj", "{B0B14B81-15A4-20C9-6440-41D84C25B71E}"
EndProject
Project("{FAE04EC0-301F-11D3-BF4B-00C04F79EFBC}") = "ShabbatPdf.Cli", "ShabbatPdf\src\Cli\ShabbatPdf.Cli.csproj", "{50A92357-2153-C324-0400-BB729E96B04D}"
EndProject
Project("{FAE04EC0-301F-11D3-BF4B-00C04F79EFBC}") = "ShabbatPdf.Functions", "ShabbatPdf\src\Functions\ShabbatPdf.Functions.csproj", "{23899D02-2186-2136-C109-BC647FBCF968}"
EndProject
Project("{FAE04EC0-301F-11D3-BF4B-00C04F79EFBC}") = "ShabbatPdf.Tests", "ShabbatPdf\tests\ShabbatPdf.Tests\ShabbatPdf.Tests.csproj", "{DD4C9C65-2718-A0CA-F99B-0866FC5EC4B0}"
EndProject
Global
	GlobalSection(SolutionConfigurationPlatforms) = preSolution
		Debug|Any CPU = Debug|Any CPU
		Debug|x64 = Debug|x64
		Debug|x86 = Debug|x86
		Release|Any CPU = Release|Any CPU
		Release|x64 = Release|x64
		Release|x86 = Release|x86
	EndGlobalSection
	GlobalSection(ProjectConfigurationPlatforms) = postSolution
		{9529211F-4DBD-4594-B883-60918B1A51F1}.Debug|Any CPU.ActiveCfg = Debug|Any CPU
		{9529211F-4DBD-4594-B883-60918B1A51F1}.Debug|Any CPU.Build.0 = Debug|Any CPU
		{9529211F-4DBD-4594-B883-60918B1A51F1}.Debug|x64.ActiveCfg = Debug|Any CPU
		{9529211F-4DBD-4594-B883-60918B1A51F1}.Debug|x64.Build.0 = Debug|Any CPU
		{9529211F-4DBD-4594-B883-60918B1A51F1}.Debug|x86.ActiveCfg = Debug|Any CPU
		{9529211F-4DBD-4594-B883-60918B1A51F1}.Debug|x86.Build.0 = Debug|Any CPU
		{9529211F-4DBD-4594-B883-60918B1A51F1}.Release|Any CPU.ActiveCfg = Release|Any CPU
		{9529211F-4DBD-4594-B883-60918B1A51F1}.Release|Any CPU.Build.0 = Release|Any CPU
		{9529211F-4DBD-4594-B883-60918B1A51F1}.Release|x64.ActiveCfg = Release|Any CPU
		{9529211F-4DBD-4594-B883-60918B1A51F1}.Release|x64.Build.0 = Release|Any CPU
		{9529211F-4DBD-4594-B883-60918B1A51F1}.Release|x86.ActiveCfg = Release|Any CPU
		{9529211F-4DBD-4594-B883-60918B1A51F1}.Release|x86.Build.0 = Release|Any CPU
		{AC247E11-8CD7-C3B0-C7A9-07CA45A22651}.Debug|Any CPU.ActiveCfg = Debug|Any CPU
		{AC247E11-8CD7-C3B0-C7A9-07CA45A22651}.Debug|Any CPU.Build.0 = Debug|Any CPU
		{AC247E11-8CD7-C3B0-C7A9-07CA45A22651}.Debug|x64.ActiveCfg = Debug|Any CPU
		{AC247E11-8CD7-C3B0-C7A9-07CA45A22651}.Debug|x64.Build.0 = Debug|Any CPU
		{AC247E11-8CD7-C3B0-C7A9-07CA45A22651}.Debug|x86.ActiveCfg = Debug|Any CPU
		{AC247E11-8CD7-C3B0-C7A9-07CA45A22651}.Debug|x86.Build.0 = Debug|Any CPU
		{AC247E11-8CD7-C3B0-C7A9-07CA45A22651}.Release|Any CPU.ActiveCfg = Release|Any CPU
		{AC247E11-8CD7-C3B0-C7A9-07CA45A22651}.Release|Any CPU.Build.0 = Release|Any CPU
		{AC247E11-8CD7-C3B0-C7A9-07CA45A22651}.Release|x64.ActiveCfg = Release|Any CPU
		{AC247E11-8CD7-C3B0-C7A9-07CA45A22651}.Release|x64.Build.0 = Release|Any CPU
		{AC247E11-8CD7-C3B0-C7A9-07CA45A22651}.Release|x86.ActiveCfg = Release|Any CPU
		{AC247E11-8CD7-C3B0-C7A9-07CA45A22651}.Release|x86.Build.0 = Release|Any CPU
		{ECCCE89B-548D-4594-0EB6-9114309F73CC}.Debug|Any CPU.ActiveCfg = Debug|Any CPU
		{ECCCE89B-548D-4594-0EB6-9114309F73CC}.Debug|Any CPU.Build.0 = Debug|Any CPU
		{ECCCE89B-548D-4594-0EB6-9114309F73CC}.Debug|x64.ActiveCfg = Debug|Any CPU
		{ECCCE89B-548D-4594-0EB6-9114309F73CC}.Debug|x64.Build.0 = Debug|Any CPU
		{ECCCE89B-548D-4594-0EB6-9114309F73CC}.Debug|x86.ActiveCfg = Debug|Any CPU
		{ECCCE89B-548D-4594-0EB6-9114309F73CC}.Debug|x86.Build.0 = Debug|Any CPU
		{ECCCE89B-548D-4594-0EB6-9114309F73CC}.Release|Any CPU.ActiveCfg = Release|Any CPU
		{ECCCE89B-548D-4594-0EB6-9114309F73CC}.Release|Any CPU.Build.0 = Release|Any CPU
		{ECCCE89B-548D-4594-0EB6-9114309F73CC}.Release|x64.ActiveCfg = Release|Any CPU
		{ECCCE89B-548D-4594-0EB6-9114309F73CC}.Release|x64.Build.0 = Release|Any CPU
		{ECCCE89B-548D-4594-0EB6-9114309F73CC}.Release|x86.ActiveCfg = Release|Any CPU
		{ECCCE89B-548D-4594-0EB6-9114309F73CC}.Release|x86.Build.0 = Release|Any CPU
		{0A81F1BD-A568-4A82-85FE-6EF6B9D81423}.Debug|Any CPU.ActiveCfg = Debug|Any CPU
		{0A81F1BD-A568-4A82-85FE-6EF6B9D81423}.Debug|Any CPU.Build.0 = Debug|Any CPU
		{0A81F1BD-A568-4A82-85FE-6EF6B9D81423}.Debug|x64.ActiveCfg = Debug|Any CPU
		{0A81F1BD-A568-4A82-85FE-6EF6B9D81423}.Debug|x64.Build.0 = Debug|Any CPU
		{0A81F1BD-A568-4A82-85FE-6EF6B9D81423}.Debug|x86.ActiveCfg = Debug|Any CPU
		{0A81F1BD-A568-4A82-85FE-6EF6B9D81423}.Debug|x86.Build.0 = Debug|Any CPU
		{0A81F1BD-A568-4A82-85FE-6EF6B9D81423}.Release|Any CPU.ActiveCfg = Release|Any CPU
		{0A81F1BD-A568-4A82-85FE-6EF6B9D81423}.Release|Any CPU.Build.0 = Release|Any CPU
		{0A81F1BD-A568-4A82-85FE-6EF6B9D81423}.Release|x64.ActiveCfg = Release|Any CPU
		{0A81F1BD-A568-4A82-85FE-6EF6B9D81423}.Release|x64.Build.0 = Release|Any CPU
		{0A81F1BD-A568-4A82-85FE-6EF6B9D81423}.Release|x86.ActiveCfg = Release|Any CPU
		{0A81F1BD-A568-4A82-85FE-6EF6B9D81423}.Release|x86.Build.0 = Release|Any CPU
		{153631B0-F89D-9417-17A7-D6877D62E6EF}.Debug|Any CPU.ActiveCfg = Debug|Any CPU
		{153631B0-F89D-9417-17A7-D6877D62E6EF}.Debug|Any CPU.Build.0 = Debug|Any CPU
		{153631B0-F89D-9417-17A7-D6877D62E6EF}.Debug|x64.ActiveCfg = Debug|Any CPU
		{153631B0-F89D-9417-17A7-D6877D62E6EF}.Debug|x64.Build.0 = Debug|Any CPU
		{153631B0-F89D-9417-17A7-D6877D62E6EF}.Debug|x86.ActiveCfg = Debug|Any CPU
		{153631B0-F89D-9417-17A7-D6877D62E6EF}.Debug|x86.Build.0 = Debug|Any CPU
		{153631B0-F89D-9417-17A7-D6877D62E6EF}.Release|Any CPU.ActiveCfg = Release|Any CPU
		{153631B0-F89D-9417-17A7-D6877D62E6EF}.Release|Any CPU.Build.0 = Release|Any CPU
		{153631B0-F89D-9417-17A7-D6877D62E6EF}.Release|x64.ActiveCfg = Release|Any CPU
		{153631B0-F89D-9417-17A7-D6877D62E6EF}.Release|x64.Build.0 = Release|Any CPU
		{153631B0-F89D-9417-17A7-D6877D62E6EF}.Release|x86.ActiveCfg = Release|Any CPU
		{153631B0-F89D-9417-17A7-D6877D62E6EF}.Release|x86.Build.0 = Release|Any CPU
		{E0122D8E-9001-4D29-B064-81A224814CFC}.Debug|Any CPU.ActiveCfg = Debug|Any CPU
		{E0122D8E-9001-4D29-B064-81A224814CFC}.Debug|Any CPU.Build.0 = Debug|Any CPU
		{E0122D8E-9001-4D29-B064-81A224814CFC}.Debug|x64.ActiveCfg = Debug|Any CPU
		{E0122D8E-9001-4D29-B064-81A224814CFC}.Debug|x64.Build.0 = Debug|Any CPU
		{E0122D8E-9001-4D29-B064-81A224814CFC}.Debug|x86.ActiveCfg = Debug|Any CPU
		{E0122D8E-9001-4D29-B064-81A224814CFC}.Debug|x86.Build.0 = Debug|Any CPU
		{E0122D8E-9001-4D29-B064-81A224814CFC}.Release|Any CPU.ActiveCfg = Release|Any CPU
		{E0122D8E-9001-4D29-B064-81A224814CFC}.Release|Any CPU.Build.0 = Release|Any CPU
		{E0122D8E-9001-4D29-B064-81A224814CFC}.Release|x64.ActiveCfg = Release|Any CPU
		{E0122D8E-9001-4D29-B064-81A224814CFC}.Release|x64.Build.0 = Release|Any CPU
		{E0122D8E-9001-4D29-B064-81A224814CFC}.Release|x86.ActiveCfg = Release|Any CPU
		{E0122D8E-9001-4D29-B064-81A224814CFC}.Release|x86.Build.0 = Release|Any CPU
		{425C4628-553F-4A87-BE1B-93B519FDCBAE}.Debug|Any CPU.ActiveCfg = Debug|Any CPU
		{425C4628-553F-4A87-BE1B-93B519FDCBAE}.Debug|Any CPU.Build.0 = Debug|Any CPU
		{425C4628-553F-4A87-BE1B-93B519FDCBAE}.Debug|x64.ActiveCfg = Debug|Any CPU
		{425C4628-553F-4A87-BE1B-93B519FDCBAE}.Debug|x64.Build.0 = Debug|Any CPU
		{425C4628-553F-4A87-BE1B-93B519FDCBAE}.Debug|x86.ActiveCfg = Debug|Any CPU
		{425C4628-553F-4A87-BE1B-93B519FDCBAE}.Debug|x86.Build.0 = Debug|Any CPU
		{425C4628-553F-4A87-BE1B-93B519FDCBAE}.Release|Any CPU.ActiveCfg = Release|Any CPU
		{425C4628-553F-4A87-BE1B-93B519FDCBAE}.Release|Any CPU.Build.0 = Release|Any CPU
		{425C4628-553F-4A87-BE1B-93B519FDCBAE}.Release|x64.ActiveCfg = Release|Any CPU
		{425C4628-553F-4A87-BE1B-93B519FDCBAE}.Release|x64.Build.0 = Release|Any CPU
		{425C4628-553F-4A87-BE1B-93B519FDCBAE}.Release|x86.ActiveCfg = Release|Any CPU
		{425C4628-553F-4A87-BE1B-93B519FDCBAE}.Release|x86.Build.0 = Release|Any CPU
		{A64C3F8D-A67B-464D-9975-D201EECC5385}.Debug|Any CPU.ActiveCfg = Debug|Any CPU
		{A64C3F8D-A67B-464D-9975-D201EECC5385}.Debug|x64.ActiveCfg = Debug|Any CPU
		{A64C3F8D-A67B-464D-9975-D201EECC5385}.Debug|x86.ActiveCfg = Debug|Any CPU
		{A64C3F8D-A67B-464D-9975-D201EECC5385}.Release|Any CPU.ActiveCfg = Release|Any CPU
		{A64C3F8D-A67B-464D-9975-D201EECC5385}.Release|x64.ActiveCfg = Release|Any CPU
		{A64C3F8D-A67B-464D-9975-D201EECC5385}.Release|x86.ActiveCfg = Release|Any CPU
		{B7E2C1A4-8F3D-4E9A-9C2B-1D6F0A5E8B47}.Debug|Any CPU.ActiveCfg = Debug|Any CPU
		{B7E2C1A4-8F3D-4E9A-9C2B-1D6F0A5E8B47}.Debug|x64.ActiveCfg = Debug|Any CPU
		{B7E2C1A4-8F3D-4E9A-9C2B-1D6F0A5E8B47}.Debug|x86.ActiveCfg = Debug|Any CPU
		{B7E2C1A4-8F3D-4E9A-9C2B-1D6F0A5E8B47}.Release|Any CPU.ActiveCfg = Release|Any CPU
		{B7E2C1A4-8F3D-4E9A-9C2B-1D6F0A5E8B47}.Release|x64.ActiveCfg = Release|Any CPU
		{B7E2C1A4-8F3D-4E9A-9C2B-1D6F0A5E8B47}.Release|x86.ActiveCfg = Release|Any CPU
		{B0B14B81-15A4-20C9-6440-41D84C25B71E}.Debug|Any CPU.ActiveCfg = Debug|Any CPU
		{B0B14B81-15A4-20C9-6440-41D84C25B71E}.Debug|Any CPU.Build.0 = Debug|Any CPU
		{B0B14B81-15A4-20C9-6440-41D84C25B71E}.Debug|x64.ActiveCfg = Debug|Any CPU
		{B0B14B81-15A4-20C9-6440-41D84C25B71E}.Debug|x64.Build.0 = Debug|Any CPU
		{B0B14B81-15A4-20C9-6440-41D84C25B71E}.Debug|x86.ActiveCfg = Debug|Any CPU
		{B0B14B81-15A4-20C9-6440-41D84C25B71E}.Debug|x86.Build.0 = Debug|Any CPU
		{B0B14B81-15A4-20C9-6440-41D84C25B71E}.Release|Any CPU.ActiveCfg = Release|Any CPU
		{B0B14B81-15A4-20C9-6440-41D84C25B71E}.Release|Any CPU.Build.0 = Release|Any CPU
		{B0B14B81-15A4-20C9-6440-41D84C25B71E}.Release|x64.ActiveCfg = Release|Any CPU
		{B0B14B81-15A4-20C9-6440-41D84C25B71E}.Release|x64.Build.0 = Release|Any CPU
		{B0B14B81-15A4-20C9-6440-41D84C25B71E}.Release|x86.ActiveCfg = Release|Any CPU
		{B0B14B81-15A4-20C9-6440-41D84C25B71E}.Release|x86.Build.0 = Release|Any CPU
		{50A92357-2153-C324-0400-BB729E96B04D}.Debug|Any CPU.ActiveCfg = Debug|Any CPU
		{50A92357-2153-C324-0400-BB729E96B04D}.Debug|Any CPU.Build.0 = Debug|Any CPU
		{50A92357-2153-C324-0400-BB729E96B04D}.Debug|x64.ActiveCfg = Debug|Any CPU
		{50A92357-2153-C324-0400-BB729E96B04D}.Debug|x64.Build.0 = Debug|Any CPU
		{50A92357-2153-C324-0400-BB729E96B04D}.Debug|x86.ActiveCfg = Debug|Any CPU
		{50A92357-2153-C324-0400-BB729E96B04D}.Debug|x86.Build.0 = Debug|Any CPU
		{50A92357-2153-C324-0400-BB729E96B04D}.Release|Any CPU.ActiveCfg = Release|Any CPU
		{50A92357-2153-C324-0400-BB729E96B04D}.Release|Any CPU.Build.0 = Release|Any CPU
		{50A92357-2153-C324-0400-BB729E96B04D}.Release|x64.ActiveCfg = Release|Any CPU
		{50A92357-2153-C324-0400-BB729E96B04D}.Release|x64.Build.0 = Release|Any CPU
		{50A92357-2153-C324-0400-BB729E96B04D}.Release|x86.ActiveCfg = Release|Any CPU
		{50A92357-2153-C324-0400-BB729E96B04D}.Release|x86.Build.0 = Release|Any CPU
		{23899D02-2186-2136-C109-BC647FBCF968}.Debug|Any CPU.ActiveCfg = Debug|Any CPU
		{23899D02-2186-2136-C109-BC647FBCF968}.Debug|Any CPU.Build.0 = Debug|Any CPU
		{23899D02-2186-2136-C109-BC647FBCF968}.Debug|x64.ActiveCfg = Debug|Any CPU
		{23899D02-2186-2136-C109-BC647FBCF968}.Debug|x64.Build.0 = Debug|Any CPU
		{23899D02-2186-2136-C109-BC647FBCF968}.Debug|x86.ActiveCfg = Debug|Any CPU
		{23899D02-2186-2136-C109-BC647FBCF968}.Debug|x86.Build.0 = Debug|Any CPU
		{23899D02-2186-2136-C109-BC647FBCF968}.Release|Any CPU.ActiveCfg = Release|Any CPU
		{23899D02-2186-2136-C109-BC647FBCF968}.Release|Any CPU.Build.0 = Release|Any CPU
		{23899D02-2186-2136-C109-BC647FBCF968}.Release|x64.ActiveCfg = Release|Any CPU
		{23899D02-2186-2136-C109-BC647FBCF968}.Release|x64.Build.0 = Release|Any CPU
		{23899D02-2186-2136-C109-BC647FBCF968}.Release|x86.ActiveCfg = Release|Any CPU
		{23899D02-2186-2136-C109-BC647FBCF968}.Release|x86.Build.0 = Release|Any CPU
		{DD4C9C65-2718-A0CA-F99B-0866FC5EC4B0}.Debug|Any CPU.ActiveCfg = Debug|Any CPU
		{DD4C9C65-2718-A0CA-F99B-0866FC5EC4B0}.Debug|Any CPU.Build.0 = Debug|Any CPU
		{DD4C9C65-2718-A0CA-F99B-0866FC5EC4B0}.Debug|x64.ActiveCfg = Debug|Any CPU
		{DD4C9C65-2718-A0CA-F99B-0866FC5EC4B0}.Debug|x64.Build.0 = Debug|Any CPU
		{DD4C9C65-2718-A0CA-F99B-0866FC5EC4B0}.Debug|x86.ActiveCfg = Debug|Any CPU
		{DD4C9C65-2718-A0CA-F99B-0866FC5EC4B0}.Debug|x86.Build.0 = Debug|Any CPU
		{DD4C9C65-2718-A0CA-F99B-0866FC5EC4B0}.Release|Any CPU.ActiveCfg = Release|Any CPU
		{DD4C9C65-2718-A0CA-F99B-0866FC5EC4B0}.Release|Any CPU.Build.0 = Release|Any CPU
		{DD4C9C65-2718-A0CA-F99B-0866FC5EC4B0}.Release|x64.ActiveCfg = Release|Any CPU
		{DD4C9C65-2718-A0CA-F99B-0866FC5EC4B0}.Release|x64.Build.0 = Release|Any CPU
		{DD4C9C65-2718-A0CA-F99B-0866FC5EC4B0}.Release|x86.ActiveCfg = Release|Any CPU
		{DD4C9C65-2718-A0CA-F99B-0866FC5EC4B0}.Release|x86.Build.0 = Release|Any CPU
	EndGlobalSection
	GlobalSection(SolutionProperties) = preSolution
		HideSolutionNode = FALSE
	EndGlobalSection
	GlobalSection(NestedProjects) = preSolution
		{A64C3F8D-A67B-464D-9975-D201EECC5385} = {E0096E63-5207-411F-2649-837654E3C58A}
		{B7E2C1A4-8F3D-4E9A-9C2B-1D6F0A5E8B47} = {E0096E63-5207-411F-2649-837654E3C58A}
		{B0B14B81-15A4-20C9-6440-41D84C25B71E} = {6243AE03-FBC2-4D61-A2EC-D6584B26F999}
		{50A92357-2153-C324-0400-BB729E96B04D} = {6243AE03-FBC2-4D61-A2EC-D6584B26F999}
		{23899D02-2186-2136-C109-BC647FBCF968} = {6243AE03-FBC2-4D61-A2EC-D6584B26F999}
		{DD4C9C65-2718-A0CA-F99B-0866FC5EC4B0} = {6243AE03-FBC2-4D61-A2EC-D6584B26F999}
	EndGlobalSection
	GlobalSection(ExtensibilityGlobals) = postSolution
		FileExplorer = |ShabbatPdf\
		SolutionGuid = {F7906031-9EBC-4421-809C-BC543F235128}
	EndGlobalSection
EndGlobal
